// !$*UTF8*$!
{
	archiveVersion = 1;
	classes = {
	};
	objectVersion = 46;
	objects = {

/* Begin PBXBuildFile section */
		04AE186C1B7C01AD00F7AE76 /* AppDelegate.swift in Sources */ = {isa = PBXBuildFile; fileRef = 04AE186B1B7C01AD00F7AE76 /* AppDelegate.swift */; };
		04AE186E1B7C01AD00F7AE76 /* ViewController.swift in Sources */ = {isa = PBXBuildFile; fileRef = 04AE186D1B7C01AD00F7AE76 /* ViewController.swift */; };
		04AE18711B7C01AD00F7AE76 /* Main.storyboard in Resources */ = {isa = PBXBuildFile; fileRef = 04AE186F1B7C01AD00F7AE76 /* Main.storyboard */; };
		04AE18731B7C01AD00F7AE76 /* Images.xcassets in Resources */ = {isa = PBXBuildFile; fileRef = 04AE18721B7C01AD00F7AE76 /* Images.xcassets */; };
		04AE18761B7C01AD00F7AE76 /* LaunchScreen.xib in Resources */ = {isa = PBXBuildFile; fileRef = 04AE18741B7C01AD00F7AE76 /* LaunchScreen.xib */; };
		B1C9FF2CF7DEB3D7C9A60093 /* libPods-DigitsThemes.a in Frameworks */ = {isa = PBXBuildFile; fileRef = FB558E1DFA78C58C41A7EA4D /* libPods-DigitsThemes.a */; };
/* End PBXBuildFile section */

/* Begin PBXFileReference section */
		04AE18661B7C01AD00F7AE76 /* DigitsThemes.app */ = {isa = PBXFileReference; explicitFileType = wrapper.application; includeInIndex = 0; path = DigitsThemes.app; sourceTree = BUILT_PRODUCTS_DIR; };
		04AE186A1B7C01AD00F7AE76 /* Info.plist */ = {isa = PBXFileReference; lastKnownFileType = text.plist.xml; path = Info.plist; sourceTree = "<group>"; };
		04AE186B1B7C01AD00F7AE76 /* AppDelegate.swift */ = {isa = PBXFileReference; lastKnownFileType = sourcecode.swift; path = AppDelegate.swift; sourceTree = "<group>"; };
		04AE186D1B7C01AD00F7AE76 /* ViewController.swift */ = {isa = PBXFileReference; lastKnownFileType = sourcecode.swift; path = ViewController.swift; sourceTree = "<group>"; };
		04AE18701B7C01AD00F7AE76 /* Base */ = {isa = PBXFileReference; lastKnownFileType = file.storyboard; name = Base; path = Base.lproj/Main.storyboard; sourceTree = "<group>"; };
		04AE18721B7C01AD00F7AE76 /* Images.xcassets */ = {isa = PBXFileReference; lastKnownFileType = folder.assetcatalog; path = Images.xcassets; sourceTree = "<group>"; };
		04AE18751B7C01AD00F7AE76 /* Base */ = {isa = PBXFileReference; lastKnownFileType = file.xib; name = Base; path = Base.lproj/LaunchScreen.xib; sourceTree = "<group>"; };
		40E57AFE88B4333ED402858B /* Pods-DigitsThemes.debug.xcconfig */ = {isa = PBXFileReference; includeInIndex = 1; lastKnownFileType = text.xcconfig; name = "Pods-DigitsThemes.debug.xcconfig"; path = "Pods/Target Support Files/Pods-DigitsThemes/Pods-DigitsThemes.debug.xcconfig"; sourceTree = "<group>"; };
		D48D7A0EB89B643152411C19 /* Pods-DigitsThemes.release.xcconfig */ = {isa = PBXFileReference; includeInIndex = 1; lastKnownFileType = text.xcconfig; name = "Pods-DigitsThemes.release.xcconfig"; path = "Pods/Target Support Files/Pods-DigitsThemes/Pods-DigitsThemes.release.xcconfig"; sourceTree = "<group>"; };
		FB558E1DFA78C58C41A7EA4D /* libPods-DigitsThemes.a */ = {isa = PBXFileReference; explicitFileType = archive.ar; includeInIndex = 0; path = "libPods-DigitsThemes.a"; sourceTree = BUILT_PRODUCTS_DIR; };
/* End PBXFileReference section */

/* Begin PBXFrameworksBuildPhase section */
		04AE18631B7C01AD00F7AE76 /* Frameworks */ = {
			isa = PBXFrameworksBuildPhase;
			buildActionMask = 2147483647;
			files = (
				B1C9FF2CF7DEB3D7C9A60093 /* libPods-DigitsThemes.a in Frameworks */,
			);
			runOnlyForDeploymentPostprocessing = 0;
		};
/* End PBXFrameworksBuildPhase section */

/* Begin PBXGroup section */
		04AE185D1B7C01AD00F7AE76 = {
			isa = PBXGroup;
			children = (
				04AE18681B7C01AD00F7AE76 /* DigitsThemes */,
				04AE18671B7C01AD00F7AE76 /* Products */,
				BDAB961FDCE7C9D6724FD5E2 /* Pods */,
				C72B697A48D68C6528D6FFD5 /* Frameworks */,
			);
			sourceTree = "<group>";
		};
		04AE18671B7C01AD00F7AE76 /* Products */ = {
			isa = PBXGroup;
			children = (
				04AE18661B7C01AD00F7AE76 /* DigitsThemes.app */,
			);
			name = Products;
			sourceTree = "<group>";
		};
		04AE18681B7C01AD00F7AE76 /* DigitsThemes */ = {
			isa = PBXGroup;
			children = (
				04AE186B1B7C01AD00F7AE76 /* AppDelegate.swift */,
				04AE186D1B7C01AD00F7AE76 /* ViewController.swift */,
				04AE186F1B7C01AD00F7AE76 /* Main.storyboard */,
				04AE18721B7C01AD00F7AE76 /* Images.xcassets */,
				04AE18741B7C01AD00F7AE76 /* LaunchScreen.xib */,
				04AE18691B7C01AD00F7AE76 /* Supporting Files */,
			);
			path = DigitsThemes;
			sourceTree = "<group>";
		};
		04AE18691B7C01AD00F7AE76 /* Supporting Files */ = {
			isa = PBXGroup;
			children = (
				04AE186A1B7C01AD00F7AE76 /* Info.plist */,
			);
			name = "Supporting Files";
			sourceTree = "<group>";
		};
		BDAB961FDCE7C9D6724FD5E2 /* Pods */ = {
			isa = PBXGroup;
			children = (
				40E57AFE88B4333ED402858B /* Pods-DigitsThemes.debug.xcconfig */,
				D48D7A0EB89B643152411C19 /* Pods-DigitsThemes.release.xcconfig */,
			);
			name = Pods;
			sourceTree = "<group>";
		};
		C72B697A48D68C6528D6FFD5 /* Frameworks */ = {
			isa = PBXGroup;
			children = (
				FB558E1DFA78C58C41A7EA4D /* libPods-DigitsThemes.a */,
			);
			name = Frameworks;
			sourceTree = "<group>";
		};
/* End PBXGroup section */

/* Begin PBXNativeTarget section */
		04AE18651B7C01AD00F7AE76 /* DigitsThemes */ = {
			isa = PBXNativeTarget;
			buildConfigurationList = 04AE18851B7C01AD00F7AE76 /* Build configuration list for PBXNativeTarget "DigitsThemes" */;
			buildPhases = (
				40759682EA621B8B5BF06853 /* Check Pods Manifest.lock */,
				04AE18621B7C01AD00F7AE76 /* Sources */,
				04AE18631B7C01AD00F7AE76 /* Frameworks */,
				04AE18641B7C01AD00F7AE76 /* Resources */,
				AFF5EEC2EC3E1036A1C8897B /* Copy Pods Resources */,
			);
			buildRules = (
			);
			dependencies = (
			);
			name = DigitsThemes;
			productName = DigitsThemes;
			productReference = 04AE18661B7C01AD00F7AE76 /* DigitsThemes.app */;
			productType = "com.apple.product-type.application";
		};
/* End PBXNativeTarget section */

/* Begin PBXProject section */
		04AE185E1B7C01AD00F7AE76 /* Project object */ = {
			isa = PBXProject;
			attributes = {
				LastSwiftUpdateCheck = 0700;
				LastUpgradeCheck = 0700;
				ORGANIZATIONNAME = Fabric;
				TargetAttributes = {
					04AE18651B7C01AD00F7AE76 = {
						CreatedOnToolsVersion = 6.4;
					};
				};
			};
			buildConfigurationList = 04AE18611B7C01AD00F7AE76 /* Build configuration list for PBXProject "DigitsThemes" */;
			compatibilityVersion = "Xcode 3.2";
			developmentRegion = English;
			hasScannedForEncodings = 0;
			knownRegions = (
				en,
				Base,
			);
			mainGroup = 04AE185D1B7C01AD00F7AE76;
			productRefGroup = 04AE18671B7C01AD00F7AE76 /* Products */;
			projectDirPath = "";
			projectRoot = "";
			targets = (
				04AE18651B7C01AD00F7AE76 /* DigitsThemes */,
			);
		};
/* End PBXProject section */

/* Begin PBXResourcesBuildPhase section */
		04AE18641B7C01AD00F7AE76 /* Resources */ = {
			isa = PBXResourcesBuildPhase;
			buildActionMask = 2147483647;
			files = (
				04AE18711B7C01AD00F7AE76 /* Main.storyboard in Resources */,
				04AE18761B7C01AD00F7AE76 /* LaunchScreen.xib in Resources */,
				04AE18731B7C01AD00F7AE76 /* Images.xcassets in Resources */,
			);
			runOnlyForDeploymentPostprocessing = 0;
		};
/* End PBXResourcesBuildPhase section */

/* Begin PBXShellScriptBuildPhase section */
		40759682EA621B8B5BF06853 /* Check Pods Manifest.lock */ = {
			isa = PBXShellScriptBuildPhase;
			buildActionMask = 2147483647;
			files = (
			);
			inputPaths = (
			);
			name = "Check Pods Manifest.lock";
			outputPaths = (
			);
			runOnlyForDeploymentPostprocessing = 0;
			shellPath = /bin/sh;
			shellScript = "diff \"${PODS_ROOT}/../Podfile.lock\" \"${PODS_ROOT}/Manifest.lock\" > /dev/null\nif [[ $? != 0 ]] ; then\n    cat << EOM\nerror: The sandbox is not in sync with the Podfile.lock. Run 'pod install' or update your CocoaPods installation.\nEOM\n    exit 1\nfi\n";
			showEnvVarsInLog = 0;
		};
		AFF5EEC2EC3E1036A1C8897B /* Copy Pods Resources */ = {
			isa = PBXShellScriptBuildPhase;
			buildActionMask = 2147483647;
			files = (
			);
			inputPaths = (
			);
			name = "Copy Pods Resources";
			outputPaths = (
			);
			runOnlyForDeploymentPostprocessing = 0;
			shellPath = /bin/sh;
			shellScript = "\"${SRCROOT}/Pods/Target Support Files/Pods-DigitsThemes/Pods-DigitsThemes-resources.sh\"\n";
			showEnvVarsInLog = 0;
		};
/* End PBXShellScriptBuildPhase section */

/* Begin PBXSourcesBuildPhase section */
		04AE18621B7C01AD00F7AE76 /* Sources */ = {
			isa = PBXSourcesBuildPhase;
			buildActionMask = 2147483647;
			files = (
				04AE186E1B7C01AD00F7AE76 /* ViewController.swift in Sources */,
				04AE186C1B7C01AD00F7AE76 /* AppDelegate.swift in Sources */,
			);
			runOnlyForDeploymentPostprocessing = 0;
		};
/* End PBXSourcesBuildPhase section */

/* Begin PBXVariantGroup section */
		04AE186F1B7C01AD00F7AE76 /* Main.storyboard */ = {
			isa = PBXVariantGroup;
			children = (
				04AE18701B7C01AD00F7AE76 /* Base */,
			);
			name = Main.storyboard;
			sourceTree = "<group>";
		};
		04AE18741B7C01AD00F7AE76 /* LaunchScreen.xib */ = {
			isa = PBXVariantGroup;
			children = (
				04AE18751B7C01AD00F7AE76 /* Base */,
			);
			name = LaunchScreen.xib;
			sourceTree = "<group>";
		};
/* End PBXVariantGroup section */

/* Begin XCBuildConfiguration section */
		04AE18831B7C01AD00F7AE76 /* Debug */ = {
			isa = XCBuildConfiguration;
			buildSettings = {
				ALWAYS_SEARCH_USER_PATHS = NO;
				CLANG_CXX_LANGUAGE_STANDARD = "gnu++0x";
				CLANG_CXX_LIBRARY = "libc++";
				CLANG_ENABLE_MODULES = YES;
				CLANG_ENABLE_OBJC_ARC = YES;
				CLANG_WARN_BOOL_CONVERSION = YES;
				CLANG_WARN_CONSTANT_CONVERSION = YES;
				CLANG_WARN_DIRECT_OBJC_ISA_USAGE = YES_ERROR;
				CLANG_WARN_EMPTY_BODY = YES;
				CLANG_WARN_ENUM_CONVERSION = YES;
				CLANG_WARN_INT_CONVERSION = YES;
				CLANG_WARN_OBJC_ROOT_CLASS = YES_ERROR;
				CLANG_WARN_UNREACHABLE_CODE = YES;
				CLANG_WARN__DUPLICATE_METHOD_MATCH = YES;
				"CODE_SIGN_IDENTITY[sdk=iphoneos*]" = "iPhone Developer";
				COPY_PHASE_STRIP = NO;
				DEBUG_INFORMATION_FORMAT = "dwarf-with-dsym";
				ENABLE_STRICT_OBJC_MSGSEND = YES;
				ENABLE_TESTABILITY = YES;
				GCC_C_LANGUAGE_STANDARD = gnu99;
				GCC_DYNAMIC_NO_PIC = NO;
				GCC_NO_COMMON_BLOCKS = YES;
				GCC_OPTIMIZATION_LEVEL = 0;
				GCC_PREPROCESSOR_DEFINITIONS = (
					"DEBUG=1",
					"$(inherited)",
				);
				GCC_SYMBOLS_PRIVATE_EXTERN = NO;
				GCC_WARN_64_TO_32_BIT_CONVERSION = YES;
				GCC_WARN_ABOUT_RETURN_TYPE = YES_ERROR;
				GCC_WARN_UNDECLARED_SELECTOR = YES;
				GCC_WARN_UNINITIALIZED_AUTOS = YES_AGGRESSIVE;
				GCC_WARN_UNUSED_FUNCTION = YES;
				GCC_WARN_UNUSED_VARIABLE = YES;
				IPHONEOS_DEPLOYMENT_TARGET = 9.0;
				MTL_ENABLE_DEBUG_INFO = YES;
				ONLY_ACTIVE_ARCH = YES;
				SDKROOT = iphoneos;
				SWIFT_OPTIMIZATION_LEVEL = "-Onone";
			};
			name = Debug;
		};
		04AE18841B7C01AD00F7AE76 /* Release */ = {
			isa = XCBuildConfiguration;
			buildSettings = {
				ALWAYS_SEARCH_USER_PATHS = NO;
				CLANG_CXX_LANGUAGE_STANDARD = "gnu++0x";
				CLANG_CXX_LIBRARY = "libc++";
				CLANG_ENABLE_MODULES = YES;
				CLANG_ENABLE_OBJC_ARC = YES;
				CLANG_WARN_BOOL_CONVERSION = YES;
				CLANG_WARN_CONSTANT_CONVERSION = YES;
				CLANG_WARN_DIRECT_OBJC_ISA_USAGE = YES_ERROR;
				CLANG_WARN_EMPTY_BODY = YES;
				CLANG_WARN_ENUM_CONVERSION = YES;
				CLANG_WARN_INT_CONVERSION = YES;
				CLANG_WARN_OBJC_ROOT_CLASS = YES_ERROR;
				CLANG_WARN_UNREACHABLE_CODE = YES;
				CLANG_WARN__DUPLICATE_METHOD_MATCH = YES;
				"CODE_SIGN_IDENTITY[sdk=iphoneos*]" = "iPhone Developer";
				COPY_PHASE_STRIP = NO;
				DEBUG_INFORMATION_FORMAT = "dwarf-with-dsym";
				ENABLE_NS_ASSERTIONS = NO;
				ENABLE_STRICT_OBJC_MSGSEND = YES;
				GCC_C_LANGUAGE_STANDARD = gnu99;
				GCC_NO_COMMON_BLOCKS = YES;
				GCC_WARN_64_TO_32_BIT_CONVERSION = YES;
				GCC_WARN_ABOUT_RETURN_TYPE = YES_ERROR;
				GCC_WARN_UNDECLARED_SELECTOR = YES;
				GCC_WARN_UNINITIALIZED_AUTOS = YES_AGGRESSIVE;
				GCC_WARN_UNUSED_FUNCTION = YES;
				GCC_WARN_UNUSED_VARIABLE = YES;
				IPHONEOS_DEPLOYMENT_TARGET = 9.0;
				MTL_ENABLE_DEBUG_INFO = NO;
				SDKROOT = iphoneos;
				VALIDATE_PRODUCT = YES;
			};
			name = Release;
		};
		04AE18861B7C01AD00F7AE76 /* Debug */ = {
			isa = XCBuildConfiguration;
			baseConfigurationReference = 40E57AFE88B4333ED402858B /* Pods-DigitsThemes.debug.xcconfig */;
			buildSettings = {
				ASSETCATALOG_COMPILER_APPICON_NAME = AppIcon;
				INFOPLIST_FILE = DigitsThemes/Info.plist;
				LD_RUNPATH_SEARCH_PATHS = "$(inherited) @executable_path/Frameworks";
				PRODUCT_BUNDLE_IDENTIFIER = "io.fabric.$(PRODUCT_NAME:rfc1034identifier)";
				PRODUCT_NAME = "$(TARGET_NAME)";
			};
			name = Debug;
		};
		04AE18871B7C01AD00F7AE76 /* Release */ = {
			isa = XCBuildConfiguration;
			baseConfigurationReference = D48D7A0EB89B643152411C19 /* Pods-DigitsThemes.release.xcconfig */;
			buildSettings = {
				ASSETCATALOG_COMPILER_APPICON_NAME = AppIcon;
				INFOPLIST_FILE = DigitsThemes/Info.plist;
				LD_RUNPATH_SEARCH_PATHS = "$(inherited) @executable_path/Frameworks";
				PRODUCT_BUNDLE_IDENTIFIER = "io.fabric.$(PRODUCT_NAME:rfc1034identifier)";
				PRODUCT_NAME = "$(TARGET_NAME)";
			};
			name = Release;
		};
/* End XCBuildConfiguration section */

/* Begin XCConfigurationList section */
		04AE18611B7C01AD00F7AE76 /* Build configuration list for PBXProject "DigitsThemes" */ = {
			isa = XCConfigurationList;
			buildConfigurations = (
				04AE18831B7C01AD00F7AE76 /* Debug */,
				04AE18841B7C01AD00F7AE76 /* Release */,
			);
			defaultConfigurationIsVisible = 0;
			defaultConfigurationName = Release;
		};
		04AE18851B7C01AD00F7AE76 /* Build configuration list for PBXNativeTarget "DigitsThemes" */ = {
			isa = XCConfigurationList;
			buildConfigurations = (
				04AE18861B7C01AD00F7AE76 /* Debug */,
				04AE18871B7C01AD00F7AE76 /* Release */,
			);
			defaultConfigurationIsVisible = 0;
			defaultConfigurationName = Release;
		};
/* End XCConfigurationList section */
	};
	rootObject = 04AE185E1B7C01AD00F7AE76 /* Project object */;
}
